
Microsoft Visual Studio Solution File, Format Version 12.00
# Visual Studio Version 16
VisualStudioVersion = 16.0.31624.102
MinimumVisualStudioVersion = 10.0.40219.1
Project("{9A19103F-16F7-4668-BE54-9A1E7A4F7556}") = "EntityMappingDemo", "EntityMappingDemo\EntityMappingDemo.csproj", "{3A92D091-692E-4BA1-B116-602E161D7E08}"
EndProject
Project("{FAE04EC0-301F-11D3-BF4B-00C04F79EFBC}") = "EntityMappingDemoTests", "EntityMappingDemoTests\EntityMappingDemoTests.csproj", "{9CBC4EB7-A059-429E-8D7B-3325BAF368FE}"
EndProject
Global
	GlobalSection(SolutionConfigurationPlatforms) = preSolution
		Debug|Any CPU = Debug|Any CPU
		Release|Any CPU = Release|Any CPU
	EndGlobalSection
	GlobalSection(ProjectConfigurationPlatforms) = postSolution
		{3A92D091-692E-4BA1-B116-602E161D7E08}.Debug|Any CPU.ActiveCfg = Debug|Any CPU
		{3A92D091-692E-4BA1-B116-602E161D7E08}.Debug|Any CPU.Build.0 = Debug|Any CPU
		{3A92D091-692E-4BA1-B116-602E161D7E08}.Release|Any CPU.ActiveCfg = Release|Any CPU
		{3A92D091-692E-4BA1-B116-602E161D7E08}.Release|Any CPU.Build.0 = Release|Any CPU
		{9CBC4EB7-A059-429E-8D7B-3325BAF368FE}.Debug|Any CPU.ActiveCfg = Debug|Any CPU
		{9CBC4EB7-A059-429E-8D7B-3325BAF368FE}.Debug|Any CPU.Build.0 = Debug|Any CPU
		{9CBC4EB7-A059-429E-8D7B-3325BAF368FE}.Release|Any CPU.ActiveCfg = Release|Any CPU
		{9CBC4EB7-A059-429E-8D7B-3325BAF368FE}.Release|Any CPU.Build.0 = Release|Any CPU
	EndGlobalSection
	GlobalSection(SolutionProperties) = preSolution
		HideSolutionNode = FALSE
	EndGlobalSection
	GlobalSection(ExtensibilityGlobals) = postSolution
		SolutionGuid = {C533E458-2782-48D3-AEC1-18F8D69A5DD9}
	EndGlobalSection
EndGlobal
